
Microsoft Visual Studio Solution File, Format Version 12.00
# Visual Studio Version 17
VisualStudioVersion = 17.5.002.0
MinimumVisualStudioVersion = 10.0.40219.1
Project("{9A19103F-16F7-4668-BE54-9A1E7A4F7556}") = "crud-dto-pagination", "crud-dto-pagination.csproj", "{E12C6772-2841-447A-AF6D-7F0790919C66}"
EndProject
Global
	GlobalSection(SolutionConfigurationPlatforms) = preSolution
		Debug|Any CPU = Debug|Any CPU
		Release|Any CPU = Release|Any CPU
	EndGlobalSection
	GlobalSection(ProjectConfigurationPlatforms) = postSolution
		{E12C6772-2841-447A-AF6D-7F0790919C66}.Debug|Any CPU.ActiveCfg = Debug|Any CPU
		{E12C6772-2841-447A-AF6D-7F0790919C66}.Debug|Any CPU.Build.0 = Debug|Any CPU
		{E12C6772-2841-447A-AF6D-7F0790919C66}.Release|Any CPU.ActiveCfg = Release|Any CPU
		{E12C6772-2841-447A-AF6D-7F0790919C66}.Release|Any CPU.Build.0 = Release|Any CPU
	EndGlobalSection
	GlobalSection(SolutionProperties) = preSolution
		HideSolutionNode = FALSE
	EndGlobalSection
	GlobalSection(ExtensibilityGlobals) = postSolution
		SolutionGuid = {D5552747-30FB-44E4-9E47-0B150978DFB5}
	EndGlobalSection
EndGlobal
